// !$*UTF8*$!
{
	archiveVersion = 1;
	classes = {
	};
	objectVersion = 77;
	objects = {

/* Begin PBXContainerItemProxy section */
		9307B1F12E3EB5FA00F2A3B8 /* PBXContainerItemProxy */ = {
			isa = PBXContainerItemProxy;
			containerPortal = 9307B1D22E3EB5F900F2A3B8 /* Project object */;
			proxyType = 1;
			remoteGlobalIDString = 9307B1D92E3EB5F900F2A3B8;
			remoteInfo = Nauta;
		};
		9307B1FB2E3EB5FA00F2A3B8 /* PBXContainerItemProxy */ = {
			isa = PBXContainerItemProxy;
			containerPortal = 9307B1D22E3EB5F900F2A3B8 /* Project object */;
			proxyType = 1;
			remoteGlobalIDString = 9307B1D92E3EB5F900F2A3B8;
			remoteInfo = Nauta;
		};
/* End PBXContainerItemProxy section */

/* Begin PBXFileReference section */
		9307B1DA2E3EB5F900F2A3B8 /* Nauta.app */ = {isa = PBXFileReference; explicitFileType = wrapper.application; includeInIndex = 0; path = Nauta.app; sourceTree = BUILT_PRODUCTS_DIR; };
		9307B1F02E3EB5FA00F2A3B8 /* NautaTests.xctest */ = {isa = PBXFileReference; explicitFileType = wrapper.cfbundle; includeInIndex = 0; path = NautaTests.xctest; sourceTree = BUILT_PRODUCTS_DIR; };
		9307B1FA2E3EB5FA00F2A3B8 /* NautaUITests.xctest */ = {isa = PBXFileReference; explicitFileType = wrapper.cfbundle; includeInIndex = 0; path = NautaUITests.xctest; sourceTree = BUILT_PRODUCTS_DIR; };
/* End PBXFileReference section */

/* Begin PBXFileSystemSynchronizedBuildFileExceptionSet section */
		9307B2022E3EB5FA00F2A3B8 /* Exceptions for "Nauta" folder in "Nauta" target */ = {
			isa = PBXFileSystemSynchronizedBuildFileExceptionSet;
			membershipExceptions = (
				Info.plist,
			);
			target = 9307B1D92E3EB5F900F2A3B8 /* Nauta */;
		};
/* End PBXFileSystemSynchronizedBuildFileExceptionSet section */

/* Begin PBXFileSystemSynchronizedRootGroup section */
		9307B1DC2E3EB5F900F2A3B8 /* Nauta */ = {
			isa = PBXFileSystemSynchronizedRootGroup;
			exceptions = (
				9307B2022E3EB5FA00F2A3B8 /* Exceptions for "Nauta" folder in "Nauta" target */,
			);
			path = Nauta;
			sourceTree = "<group>";
		};
		9307B1F32E3EB5FA00F2A3B8 /* NautaTests */ = {
			isa = PBXFileSystemSynchronizedRootGroup;
			path = NautaTests;
			sourceTree = "<group>";
		};
		9307B1FD2E3EB5FA00F2A3B8 /* NautaUITests */ = {
			isa = PBXFileSystemSynchronizedRootGroup;
			path = NautaUITests;
			sourceTree = "<group>";
		};
/* End PBXFileSystemSynchronizedRootGroup section */

/* Begin PBXFrameworksBuildPhase section */
		9307B1D72E3EB5F900F2A3B8 /* Frameworks */ = {
			isa = PBXFrameworksBuildPhase;
			buildActionMask = 2147483647;
			files = (
			);
			runOnlyForDeploymentPostprocessing = 0;
		};
		9307B1ED2E3EB5FA00F2A3B8 /* Frameworks */ = {
			isa = PBXFrameworksBuildPhase;
			buildActionMask = 2147483647;
			files = (
			);
			runOnlyForDeploymentPostprocessing = 0;
		};
		9307B1F72E3EB5FA00F2A3B8 /* Frameworks */ = {
			isa = PBXFrameworksBuildPhase;
			buildActionMask = 2147483647;
			files = (
			);
			runOnlyForDeploymentPostprocessing = 0;
		};
/* End PBXFrameworksBuildPhase section */

/* Begin PBXGroup section */
		9307B1D12E3EB5F900F2A3B8 = {
			isa = PBXGroup;
			children = (
				9307B1DC2E3EB5F900F2A3B8 /* Nauta */,
				9307B1F32E3EB5FA00F2A3B8 /* NautaTests */,
				9307B1FD2E3EB5FA00F2A3B8 /* NautaUITests */,
				9307B1DB2E3EB5F900F2A3B8 /* Products */,
			);
			sourceTree = "<group>";
		};
		9307B1DB2E3EB5F900F2A3B8 /* Products */ = {
			isa = PBXGroup;
			children = (
				9307B1DA2E3EB5F900F2A3B8 /* Nauta.app */,
				9307B1F02E3EB5FA00F2A3B8 /* NautaTests.xctest */,
				9307B1FA2E3EB5FA00F2A3B8 /* NautaUITests.xctest */,
			);
			name = Products;
			sourceTree = "<group>";
		};
/* End PBXGroup section */

/* Begin PBXNativeTarget section */
		9307B1D92E3EB5F900F2A3B8 /* Nauta */ = {
			isa = PBXNativeTarget;
			buildConfigurationList = 9307B2032E3EB5FA00F2A3B8 /* Build configuration list for PBXNativeTarget "Nauta" */;
			buildPhases = (
				9307B1D62E3EB5F900F2A3B8 /* Sources */,
				9307B1D72E3EB5F900F2A3B8 /* Frameworks */,
				9307B1D82E3EB5F900F2A3B8 /* Resources */,
			);
			buildRules = (
			);
			dependencies = (
			);
			fileSystemSynchronizedGroups = (
				9307B1DC2E3EB5F900F2A3B8 /* Nauta */,
			);
			name = Nauta;
			packageProductDependencies = (
			);
			productName = Nauta;
			productReference = 9307B1DA2E3EB5F900F2A3B8 /* Nauta.app */;
			productType = "com.apple.product-type.application";
		};
		9307B1EF2E3EB5FA00F2A3B8 /* NautaTests */ = {
			isa = PBXNativeTarget;
			buildConfigurationList = 9307B2082E3EB5FA00F2A3B8 /* Build configuration list for PBXNativeTarget "NautaTests" */;
			buildPhases = (
				9307B1EC2E3EB5FA00F2A3B8 /* Sources */,
				9307B1ED2E3EB5FA00F2A3B8 /* Frameworks */,
				9307B1EE2E3EB5FA00F2A3B8 /* Resources */,
			);
			buildRules = (
			);
			dependencies = (
				9307B1F22E3EB5FA00F2A3B8 /* PBXTargetDependency */,
			);
			fileSystemSynchronizedGroups = (
				9307B1F32E3EB5FA00F2A3B8 /* NautaTests */,
			);
			name = NautaTests;
			packageProductDependencies = (
			);
			productName = NautaTests;
			productReference = 9307B1F02E3EB5FA00F2A3B8 /* NautaTests.xctest */;
			productType = "com.apple.product-type.bundle.unit-test";
		};
		9307B1F92E3EB5FA00F2A3B8 /* NautaUITests */ = {
			isa = PBXNativeTarget;
			buildConfigurationList = 9307B20B2E3EB5FA00F2A3B8 /* Build configuration list for PBXNativeTarget "NautaUITests" */;
			buildPhases = (
				9307B1F62E3EB5FA00F2A3B8 /* Sources */,
				9307B1F72E3EB5FA00F2A3B8 /* Frameworks */,
				9307B1F82E3EB5FA00F2A3B8 /* Resources */,
			);
			buildRules = (
			);
			dependencies = (
				9307B1FC2E3EB5FA00F2A3B8 /* PBXTargetDependency */,
			);
			fileSystemSynchronizedGroups = (
				9307B1FD2E3EB5FA00F2A3B8 /* NautaUITests */,
			);
			name = NautaUITests;
			packageProductDependencies = (
			);
			productName = NautaUITests;
			productReference = 9307B1FA2E3EB5FA00F2A3B8 /* NautaUITests.xctest */;
			productType = "com.apple.product-type.bundle.ui-testing";
		};
/* End PBXNativeTarget section */

/* Begin PBXProject section */
		9307B1D22E3EB5F900F2A3B8 /* Project object */ = {
			isa = PBXProject;
			attributes = {
				BuildIndependentTargetsInParallel = 1;
				LastSwiftUpdateCheck = 1640;
				LastUpgradeCheck = 1640;
				TargetAttributes = {
					9307B1D92E3EB5F900F2A3B8 = {
						CreatedOnToolsVersion = 16.4;
					};
					9307B1EF2E3EB5FA00F2A3B8 = {
						CreatedOnToolsVersion = 16.4;
						TestTargetID = 9307B1D92E3EB5F900F2A3B8;
					};
					9307B1F92E3EB5FA00F2A3B8 = {
						CreatedOnToolsVersion = 16.4;
						TestTargetID = 9307B1D92E3EB5F900F2A3B8;
					};
				};
			};
			buildConfigurationList = 9307B1D52E3EB5F900F2A3B8 /* Build configuration list for PBXProject "Nauta" */;
			developmentRegion = en;
			hasScannedForEncodings = 0;
			knownRegions = (
				en,
				Base,
			);
			mainGroup = 9307B1D12E3EB5F900F2A3B8;
			minimizedProjectReferenceProxies = 1;
			preferredProjectObjectVersion = 77;
			productRefGroup = 9307B1DB2E3EB5F900F2A3B8 /* Products */;
			projectDirPath = "";
			projectRoot = "";
			targets = (
				9307B1D92E3EB5F900F2A3B8 /* Nauta */,
				9307B1EF2E3EB5FA00F2A3B8 /* NautaTests */,
				9307B1F92E3EB5FA00F2A3B8 /* NautaUITests */,
			);
		};
/* End PBXProject section */

/* Begin PBXResourcesBuildPhase section */
		9307B1D82E3EB5F900F2A3B8 /* Resources */ = {
			isa = PBXResourcesBuildPhase;
			buildActionMask = 2147483647;
			files = (
			);
			runOnlyForDeploymentPostprocessing = 0;
		};
		9307B1EE2E3EB5FA00F2A3B8 /* Resources */ = {
			isa = PBXResourcesBuildPhase;
			buildActionMask = 2147483647;
			files = (
			);
			runOnlyForDeploymentPostprocessing = 0;
		};
		9307B1F82E3EB5FA00F2A3B8 /* Resources */ = {
			isa = PBXResourcesBuildPhase;
			buildActionMask = 2147483647;
			files = (
			);
			runOnlyForDeploymentPostprocessing = 0;
		};
/* End PBXResourcesBuildPhase section */

/* Begin PBXSourcesBuildPhase section */
		9307B1D62E3EB5F900F2A3B8 /* Sources */ = {
			isa = PBXSourcesBuildPhase;
			buildActionMask = 2147483647;
			files = (
			);
			runOnlyForDeploymentPostprocessing = 0;
		};
		9307B1EC2E3EB5FA00F2A3B8 /* Sources */ = {
			isa = PBXSourcesBuildPhase;
			buildActionMask = 2147483647;
			files = (
			);
			runOnlyForDeploymentPostprocessing = 0;
		};
		9307B1F62E3EB5FA00F2A3B8 /* Sources */ = {
			isa = PBXSourcesBuildPhase;
			buildActionMask = 2147483647;
			files = (
			);
			runOnlyForDeploymentPostprocessing = 0;
		};
/* End PBXSourcesBuildPhase section */

/* Begin PBXTargetDependency section */
		9307B1F22E3EB5FA00F2A3B8 /* PBXTargetDependency */ = {
			isa = PBXTargetDependency;
			target = 9307B1D92E3EB5F900F2A3B8 /* Nauta */;
			targetProxy = 9307B1F12E3EB5FA00F2A3B8 /* PBXContainerItemProxy */;
		};
		9307B1FC2E3EB5FA00F2A3B8 /* PBXTargetDependency */ = {
			isa = PBXTargetDependency;
			target = 9307B1D92E3EB5F900F2A3B8 /* Nauta */;
			targetProxy = 9307B1FB2E3EB5FA00F2A3B8 /* PBXContainerItemProxy */;
		};
/* End PBXTargetDependency section */

/* Begin XCBuildConfiguration section */
		9307B2042E3EB5FA00F2A3B8 /* Debug */ = {
			isa = XCBuildConfiguration;
			buildSettings = {
				ASSETCATALOG_COMPILER_APPICON_NAME = AppIcon;
				ASSETCATALOG_COMPILER_GLOBAL_ACCENT_COLOR_NAME = AccentColor;
				CODE_SIGN_STYLE = Automatic;
				CURRENT_PROJECT_VERSION = 1;
				GENERATE_INFOPLIST_FILE = YES;
				INFOPLIST_FILE = Nauta/Info.plist;
				INFOPLIST_KEY_UIApplicationSupportsIndirectInputEvents = YES;
				INFOPLIST_KEY_UILaunchStoryboardName = LaunchScreen;
				INFOPLIST_KEY_UIMainStoryboardFile = Main;
				INFOPLIST_KEY_UISupportedInterfaceOrientations_iPad = "UIInterfaceOrientationPortrait UIInterfaceOrientationPortraitUpsideDown UIInterfaceOrientationLandscapeLeft UIInterfaceOrientationLandscapeRight";
				INFOPLIST_KEY_UISupportedInterfaceOrientations_iPhone = "UIInterfaceOrientationPortrait UIInterfaceOrientationLandscapeLeft UIInterfaceOrientationLandscapeRight";
				LD_RUNPATH_SEARCH_PATHS = (
					"$(inherited)",
					"@executable_path/Frameworks",
				);
				MARKETING_VERSION = 1.0;
				PRODUCT_BUNDLE_IDENTIFIER = cadeci.Nauta;
				PRODUCT_NAME = "$(TARGET_NAME)";
				SWIFT_EMIT_LOC_STRINGS = YES;
				SWIFT_VERSION = 5.0;
				TARGETED_DEVICE_FAMILY = "1,2";
			};
			name = Debug;
		};
		9307B2052E3EB5FA00F2A3B8 /* Release */ = {
			isa = XCBuildConfiguration;
			buildSettings = {
				ASSETCATALOG_COMPILER_APPICON_NAME = AppIcon;
				ASSETCATALOG_COMPILER_GLOBAL_ACCENT_COLOR_NAME = AccentColor;
				CODE_SIGN_STYLE = Automatic;
				CURRENT_PROJECT_VERSION = 1;
				GENERATE_INFOPLIST_FILE = YES;
				INFOPLIST_FILE = Nauta/Info.plist;
				INFOPLIST_KEY_UIApplicationSupportsIndirectInputEvents = YES;
				INFOPLIST_KEY_UILaunchStoryboardName = LaunchScreen;
				INFOPLIST_KEY_UIMainStoryboardFile = Main;
				INFOPLIST_KEY_UISupportedInterfaceOrientations_iPad = "UIInterfaceOrientationPortrait UIInterfaceOrientationPortraitUpsideDown UIInterfaceOrientationLandscapeLeft UIInterfaceOrientationLandscapeRight";
				INFOPLIST_KEY_UISupportedInterfaceOrientations_iPhone = "UIInterfaceOrientationPortrait UIInterfaceOrientationLandscapeLeft UIInterfaceOrientationLandscapeRight";
				LD_RUNPATH_SEARCH_PATHS = (
					"$(inherited)",
					"@executable_path/Frameworks",
				);
				MARKETING_VERSION = 1.0;
				PRODUCT_BUNDLE_IDENTIFIER = cadeci.Nauta;
				PRODUCT_NAME = "$(TARGET_NAME)";
				SWIFT_EMIT_LOC_STRINGS = YES;
				SWIFT_VERSION = 5.0;
				TARGETED_DEVICE_FAMILY = "1,2";
			};
			name = Release;
		};
		9307B2062E3EB5FA00F2A3B8 /* Debug */ = {
			isa = XCBuildConfiguration;
			buildSettings = {
				ALWAYS_SEARCH_USER_PATHS = NO;
				ASSETCATALOG_COMPILER_GENERATE_SWIFT_ASSET_SYMBOL_EXTENSIONS = YES;
				CLANG_ANALYZER_NONNULL = YES;
				CLANG_ANALYZER_NUMBER_OBJECT_CONVERSION = YES_AGGRESSIVE;
				CLANG_CXX_LANGUAGE_STANDARD = "gnu++20";
				CLANG_ENABLE_MODULES = YES;
				CLANG_ENABLE_OBJC_ARC = YES;
				CLANG_ENABLE_OBJC_WEAK = YES;
				CLANG_WARN_BLOCK_CAPTURE_AUTORELEASING = YES;
				CLANG_WARN_BOOL_CONVERSION = YES;
				CLANG_WARN_COMMA = YES;
				CLANG_WARN_CONSTANT_CONVERSION = YES;
				CLANG_WARN_DEPRECATED_OBJC_IMPLEMENTATIONS = YES;
				CLANG_WARN_DIRECT_OBJC_ISA_USAGE = YES_ERROR;
				CLANG_WARN_DOCUMENTATION_COMMENTS = YES;
				CLANG_WARN_EMPTY_BODY = YES;
				CLANG_WARN_ENUM_CONVERSION = YES;
				CLANG_WARN_INFINITE_RECURSION = YES;
				CLANG_WARN_INT_CONVERSION = YES;
				CLANG_WARN_NON_LITERAL_NULL_CONVERSION = YES;
				CLANG_WARN_OBJC_IMPLICIT_RETAIN_SELF = YES;
				CLANG_WARN_OBJC_LITERAL_CONVERSION = YES;
				CLANG_WARN_OBJC_ROOT_CLASS = YES_ERROR;
				CLANG_WARN_QUOTED_INCLUDE_IN_FRAMEWORK_HEADER = YES;
				CLANG_WARN_RANGE_LOOP_ANALYSIS = YES;
				CLANG_WARN_STRICT_PROTOTYPES = YES;
				CLANG_WARN_SUSPICIOUS_MOVE = YES;
				CLANG_WARN_UNGUARDED_AVAILABILITY = YES_AGGRESSIVE;
				CLANG_WARN_UNREACHABLE_CODE = YES;
				CLANG_WARN__DUPLICATE_METHOD_MATCH = YES;
				COPY_PHASE_STRIP = NO;
				DEBUG_INFORMATION_FORMAT = dwarf;
				ENABLE_STRICT_OBJC_MSGSEND = YES;
				ENABLE_TESTABILITY = YES;
				ENABLE_USER_SCRIPT_SANDBOXING = YES;
				GCC_C_LANGUAGE_STANDARD = gnu17;
				GCC_DYNAMIC_NO_PIC = NO;
				GCC_NO_COMMON_BLOCKS = YES;
				GCC_OPTIMIZATION_LEVEL = 0;
				GCC_PREPROCESSOR_DEFINITIONS = (
					"DEBUG=1",
					"$(inherited)",
				);
				GCC_WARN_64_TO_32_BIT_CONVERSION = YES;
				GCC_WARN_ABOUT_RETURN_TYPE = YES_ERROR;
				GCC_WARN_UNDECLARED_SELECTOR = YES;
				GCC_WARN_UNINITIALIZED_AUTOS = YES_AGGRESSIVE;
				GCC_WARN_UNUSED_FUNCTION = YES;
				GCC_WARN_UNUSED_VARIABLE = YES;
				IPHONEOS_DEPLOYMENT_TARGET = 18.5;
				LOCALIZATION_PREFERS_STRING_CATALOGS = YES;
				MTL_ENABLE_DEBUG_INFO = INCLUDE_SOURCE;
				MTL_FAST_MATH = YES;
				ONLY_ACTIVE_ARCH = YES;
				SDKROOT = iphoneos;
				SWIFT_ACTIVE_COMPILATION_CONDITIONS = "DEBUG $(inherited)";
				SWIFT_OPTIMIZATION_LEVEL = "-Onone";
			};
			name = Debug;
		};
		9307B2072E3EB5FA00F2A3B8 /* Release */ = {
			isa = XCBuildConfiguration;
			buildSettings = {
				ALWAYS_SEARCH_USER_PATHS = NO;
				ASSETCATALOG_COMPILER_GENERATE_SWIFT_ASSET_SYMBOL_EXTENSIONS = YES;
				CLANG_ANALYZER_NONNULL = YES;
				CLANG_ANALYZER_NUMBER_OBJECT_CONVERSION = YES_AGGRESSIVE;
				CLANG_CXX_LANGUAGE_STANDARD = "gnu++20";
				CLANG_ENABLE_MODULES = YES;
				CLANG_ENABLE_OBJC_ARC = YES;
				CLANG_ENABLE_OBJC_WEAK = YES;
				CLANG_WARN_BLOCK_CAPTURE_AUTORELEASING = YES;
				CLANG_WARN_BOOL_CONVERSION = YES;
				CLANG_WARN_COMMA = YES;
				CLANG_WARN_CONSTANT_CONVERSION = YES;
				CLANG_WARN_DEPRECATED_OBJC_IMPLEMENTATIONS = YES;
				CLANG_WARN_DIRECT_OBJC_ISA_USAGE = YES_ERROR;
				CLANG_WARN_DOCUMENTATION_COMMENTS = YES;
				CLANG_WARN_EMPTY_BODY = YES;
				CLANG_WARN_ENUM_CONVERSION = YES;
				CLANG_WARN_INFINITE_RECURSION = YES;
				CLANG_WARN_INT_CONVERSION = YES;
				CLANG_WARN_NON_LITERAL_NULL_CONVERSION = YES;
				CLANG_WARN_OBJC_IMPLICIT_RETAIN_SELF = YES;
				CLANG_WARN_OBJC_LITERAL_CONVERSION = YES;
				CLANG_WARN_OBJC_ROOT_CLASS = YES_ERROR;
				CLANG_WARN_QUOTED_INCLUDE_IN_FRAMEWORK_HEADER = YES;
				CLANG_WARN_RANGE_LOOP_ANALYSIS = YES;
				CLANG_WARN_STRICT_PROTOTYPES = YES;
				CLANG_WARN_SUSPICIOUS_MOVE = YES;
				CLANG_WARN_UNGUARDED_AVAILABILITY = YES_AGGRESSIVE;
				CLANG_WARN_UNREACHABLE_CODE = YES;
				CLANG_WARN__DUPLICATE_METHOD_MATCH = YES;
				COPY_PHASE_STRIP = NO;
				DEBUG_INFORMATION_FORMAT = "dwarf-with-dsym";
				ENABLE_NS_ASSERTIONS = NO;
				ENABLE_STRICT_OBJC_MSGSEND = YES;
				ENABLE_USER_SCRIPT_SANDBOXING = YES;
				GCC_C_LANGUAGE_STANDARD = gnu17;
				GCC_NO_COMMON_BLOCKS = YES;
				GCC_WARN_64_TO_32_BIT_CONVERSION = YES;
				GCC_WARN_ABOUT_RETURN_TYPE = YES_ERROR;
				GCC_WARN_UNDECLARED_SELECTOR = YES;
				GCC_WARN_UNINITIALIZED_AUTOS = YES_AGGRESSIVE;
				GCC_WARN_UNUSED_FUNCTION = YES;
				GCC_WARN_UNUSED_VARIABLE = YES;
				IPHONEOS_DEPLOYMENT_TARGET = 18.5;
				LOCALIZATION_PREFERS_STRING_CATALOGS = YES;
				MTL_ENABLE_DEBUG_INFO = NO;
				MTL_FAST_MATH = YES;
				SDKROOT = iphoneos;
				SWIFT_COMPILATION_MODE = wholemodule;
				VALIDATE_PRODUCT = YES;
			};
			name = Release;
		};
		9307B2092E3EB5FA00F2A3B8 /* Debug */ = {
			isa = XCBuildConfiguration;
			buildSettings = {
				BUNDLE_LOADER = "$(TEST_HOST)";
				CODE_SIGN_STYLE = Automatic;
				CURRENT_PROJECT_VERSION = 1;
				GENERATE_INFOPLIST_FILE = YES;
				IPHONEOS_DEPLOYMENT_TARGET = 18.5;
				MARKETING_VERSION = 1.0;
				PRODUCT_BUNDLE_IDENTIFIER = cadeci.NautaTests;
				PRODUCT_NAME = "$(TARGET_NAME)";
				SWIFT_EMIT_LOC_STRINGS = NO;
				SWIFT_VERSION = 5.0;
				TARGETED_DEVICE_FAMILY = "1,2";
				TEST_HOST = "$(BUILT_PRODUCTS_DIR)/Nauta.app/$(BUNDLE_EXECUTABLE_FOLDER_PATH)/Nauta";
			};
			name = Debug;
		};
		9307B20A2E3EB5FA00F2A3B8 /* Release */ = {
			isa = XCBuildConfiguration;
			buildSettings = {
				BUNDLE_LOADER = "$(TEST_HOST)";
				CODE_SIGN_STYLE = Automatic;
				CURRENT_PROJECT_VERSION = 1;
				GENERATE_INFOPLIST_FILE = YES;
				IPHONEOS_DEPLOYMENT_TARGET = 18.5;
				MARKETING_VERSION = 1.0;
				PRODUCT_BUNDLE_IDENTIFIER = cadeci.NautaTests;
				PRODUCT_NAME = "$(TARGET_NAME)";
				SWIFT_EMIT_LOC_STRINGS = NO;
				SWIFT_VERSION = 5.0;
				TARGETED_DEVICE_FAMILY = "1,2";
				TEST_HOST = "$(BUILT_PRODUCTS_DIR)/Nauta.app/$(BUNDLE_EXECUTABLE_FOLDER_PATH)/Nauta";
			};
			name = Release;
		};
		9307B20C2E3EB5FA00F2A3B8 /* Debug */ = {
			isa = XCBuildConfiguration;
			buildSettings = {
				CODE_SIGN_STYLE = Automatic;
				CURRENT_PROJECT_VERSION = 1;
				GENERATE_INFOPLIST_FILE = YES;
				MARKETING_VERSION = 1.0;
				PRODUCT_BUNDLE_IDENTIFIER = cadeci.NautaUITests;
				PRODUCT_NAME = "$(TARGET_NAME)";
				SWIFT_EMIT_LOC_STRINGS = NO;
				SWIFT_VERSION = 5.0;
				TARGETED_DEVICE_FAMILY = "1,2";
				TEST_TARGET_NAME = Nauta;
			};
			name = Debug;
		};
		9307B20D2E3EB5FA00F2A3B8 /* Release */ = {
			isa = XCBuildConfiguration;
			buildSettings = {
				CODE_SIGN_STYLE = Automatic;
				CURRENT_PROJECT_VERSION = 1;
				GENERATE_INFOPLIST_FILE = YES;
				MARKETING_VERSION = 1.0;
				PRODUCT_BUNDLE_IDENTIFIER = cadeci.NautaUITests;
				PRODUCT_NAME = "$(TARGET_NAME)";
				SWIFT_EMIT_LOC_STRINGS = NO;
				SWIFT_VERSION = 5.0;
				TARGETED_DEVICE_FAMILY = "1,2";
				TEST_TARGET_NAME = Nauta;
			};
			name = Release;
		};
/* End XCBuildConfiguration section */

/* Begin XCConfigurationList section */
		9307B1D52E3EB5F900F2A3B8 /* Build configuration list for PBXProject "Nauta" */ = {
			isa = XCConfigurationList;
			buildConfigurations = (
				9307B2062E3EB5FA00F2A3B8 /* Debug */,
				9307B2072E3EB5FA00F2A3B8 /* Release */,
			);
			defaultConfigurationIsVisible = 0;
			defaultConfigurationName = Release;
		};
		9307B2032E3EB5FA00F2A3B8 /* Build configuration list for PBXNativeTarget "Nauta" */ = {
			isa = XCConfigurationList;
			buildConfigurations = (
				9307B2042E3EB5FA00F2A3B8 /* Debug */,
				9307B2052E3EB5FA00F2A3B8 /* Release */,
			);
			defaultConfigurationIsVisible = 0;
			defaultConfigurationName = Release;
		};
		9307B2082E3EB5FA00F2A3B8 /* Build configuration list for PBXNativeTarget "NautaTests" */ = {
			isa = XCConfigurationList;
			buildConfigurations = (
				9307B2092E3EB5FA00F2A3B8 /* Debug */,
				9307B20A2E3EB5FA00F2A3B8 /* Release */,
			);
			defaultConfigurationIsVisible = 0;
			defaultConfigurationName = Release;
		};
		9307B20B2E3EB5FA00F2A3B8 /* Build configuration list for PBXNativeTarget "NautaUITests" */ = {
			isa = XCConfigurationList;
			buildConfigurations = (
				9307B20C2E3EB5FA00F2A3B8 /* Debug */,
				9307B20D2E3EB5FA00F2A3B8 /* Release */,
			);
			defaultConfigurationIsVisible = 0;
			defaultConfigurationName = Release;
		};
/* End XCConfigurationList section */
	};
	rootObject = 9307B1D22E3EB5F900F2A3B8 /* Project object */;
}
